// !$*UTF8*$!
{
	archiveVersion = 1;
	classes = {
	};
	objectVersion = 55;
	objects = {

/* Begin PBXBuildFile section */
		C114ACFA288A36EF0077D692 /* 状态模式.swift in Sources */ = {isa = PBXBuildFile; fileRef = C114ACF9288A36EF0077D692 /* 状态模式.swift */; };
		C114ACFC288A54010077D692 /* 命令模式.swift in Sources */ = {isa = PBXBuildFile; fileRef = C114ACFB288A54010077D692 /* 命令模式.swift */; };
		C17820A9288A966C00B4FDE5 /* 观察者模式.swift in Sources */ = {isa = PBXBuildFile; fileRef = C17820A8288A966C00B4FDE5 /* 观察者模式.swift */; };
		C17820AB288AA8F800B4FDE5 /* 中介者模式.swift in Sources */ = {isa = PBXBuildFile; fileRef = C17820AA288AA8F800B4FDE5 /* 中介者模式.swift */; };
		C17820AD288AB08000B4FDE5 /* 迭代器模式.swift in Sources */ = {isa = PBXBuildFile; fileRef = C17820AC288AB08000B4FDE5 /* 迭代器模式.swift */; };
		C17820AF288AB08B00B4FDE5 /* 备忘录模式.swift in Sources */ = {isa = PBXBuildFile; fileRef = C17820AE288AB08B00B4FDE5 /* 备忘录模式.swift */; };
		C1DFD59A2887A68F0053AFB7 /* AppDelegate.swift in Sources */ = {isa = PBXBuildFile; fileRef = C1DFD5992887A68F0053AFB7 /* AppDelegate.swift */; };
		C1DFD59C2887A68F0053AFB7 /* SceneDelegate.swift in Sources */ = {isa = PBXBuildFile; fileRef = C1DFD59B2887A68F0053AFB7 /* SceneDelegate.swift */; };
		C1DFD59E2887A68F0053AFB7 /* ViewController.swift in Sources */ = {isa = PBXBuildFile; fileRef = C1DFD59D2887A68F0053AFB7 /* ViewController.swift */; };
		C1DFD5A12887A68F0053AFB7 /* Main.storyboard in Resources */ = {isa = PBXBuildFile; fileRef = C1DFD59F2887A68F0053AFB7 /* Main.storyboard */; };
		C1DFD5A32887A6910053AFB7 /* Assets.xcassets in Resources */ = {isa = PBXBuildFile; fileRef = C1DFD5A22887A6910053AFB7 /* Assets.xcassets */; };
		C1DFD5A62887A6910053AFB7 /* LaunchScreen.storyboard in Resources */ = {isa = PBXBuildFile; fileRef = C1DFD5A42887A6910053AFB7 /* LaunchScreen.storyboard */; };
		C1DFD5B42887A9650053AFB7 /* 简单工厂模式.swift in Sources */ = {isa = PBXBuildFile; fileRef = C1DFD5B32887A9650053AFB7 /* 简单工厂模式.swift */; };
		C1DFD5B62887AFAD0053AFB7 /* 工厂方法模式.swift in Sources */ = {isa = PBXBuildFile; fileRef = C1DFD5B52887AFAD0053AFB7 /* 工厂方法模式.swift */; };
		C1DFD5B82887B1CB0053AFB7 /* Cola.swift in Sources */ = {isa = PBXBuildFile; fileRef = C1DFD5B72887B1CB0053AFB7 /* Cola.swift */; };
		C1DFD5BA2887B2E10053AFB7 /* 抽象工厂模式.swift in Sources */ = {isa = PBXBuildFile; fileRef = C1DFD5B92887B2E10053AFB7 /* 抽象工厂模式.swift */; };
		C1DFD5BC2887F0C90053AFB7 /* Brand.swift in Sources */ = {isa = PBXBuildFile; fileRef = C1DFD5BB2887F0C90053AFB7 /* Brand.swift */; };
		C1DFD5BE2887F6E60053AFB7 /* 单例模式.swift in Sources */ = {isa = PBXBuildFile; fileRef = C1DFD5BD2887F6E60053AFB7 /* 单例模式.swift */; };
		C1DFD5C02887F8650053AFB7 /* 生成器模式.swift in Sources */ = {isa = PBXBuildFile; fileRef = C1DFD5BF2887F8650053AFB7 /* 生成器模式.swift */; };
		C1DFD5C22888093B0053AFB7 /* 原型模式.swift in Sources */ = {isa = PBXBuildFile; fileRef = C1DFD5C12888093B0053AFB7 /* 原型模式.swift */; };
		C1DFD5C5288816680053AFB7 /* 外观模式.swift in Sources */ = {isa = PBXBuildFile; fileRef = C1DFD5C4288816680053AFB7 /* 外观模式.swift */; };
		C1DFD5C728884CDC0053AFB7 /* 适配器模式.swift in Sources */ = {isa = PBXBuildFile; fileRef = C1DFD5C628884CDC0053AFB7 /* 适配器模式.swift */; };
		C1DFD5C928885C460053AFB7 /* 桥接模式.swift in Sources */ = {isa = PBXBuildFile; fileRef = C1DFD5C828885C460053AFB7 /* 桥接模式.swift */; };
		C1DFD5CB2888E66E0053AFB7 /* 代理模式.swift in Sources */ = {isa = PBXBuildFile; fileRef = C1DFD5CA2888E66E0053AFB7 /* 代理模式.swift */; };
		C1DFD5CD2888F43D0053AFB7 /* 装饰者模式.swift in Sources */ = {isa = PBXBuildFile; fileRef = C1DFD5CC2888F43D0053AFB7 /* 装饰者模式.swift */; };
		C1DFD5CF2889572B0053AFB7 /* 享元模式.swift in Sources */ = {isa = PBXBuildFile; fileRef = C1DFD5CE2889572B0053AFB7 /* 享元模式.swift */; };
		C1DFD5D128896E120053AFB7 /* 模板方法模式.swift in Sources */ = {isa = PBXBuildFile; fileRef = C1DFD5D028896E120053AFB7 /* 模板方法模式.swift */; };
		C1DFD5D32889771F0053AFB7 /* 策略模式.swift in Sources */ = {isa = PBXBuildFile; fileRef = C1DFD5D22889771F0053AFB7 /* 策略模式.swift */; };
		C1DFD5D52889AD150053AFB7 /* 职责链模式.swift in Sources */ = {isa = PBXBuildFile; fileRef = C1DFD5D42889AD150053AFB7 /* 职责链模式.swift */; };
/* End PBXBuildFile section */

/* Begin PBXFileReference section */
		C114ACF9288A36EF0077D692 /* 状态模式.swift */ = {isa = PBXFileReference; lastKnownFileType = sourcecode.swift; path = "状态模式.swift"; sourceTree = "<group>"; };
		C114ACFB288A54010077D692 /* 命令模式.swift */ = {isa = PBXFileReference; lastKnownFileType = sourcecode.swift; path = "命令模式.swift"; sourceTree = "<group>"; };
		C17820A8288A966C00B4FDE5 /* 观察者模式.swift */ = {isa = PBXFileReference; lastKnownFileType = sourcecode.swift; path = "观察者模式.swift"; sourceTree = "<group>"; };
		C17820AA288AA8F800B4FDE5 /* 中介者模式.swift */ = {isa = PBXFileReference; lastKnownFileType = sourcecode.swift; path = "中介者模式.swift"; sourceTree = "<group>"; };
		C17820AC288AB08000B4FDE5 /* 迭代器模式.swift */ = {isa = PBXFileReference; lastKnownFileType = sourcecode.swift; path = "迭代器模式.swift"; sourceTree = "<group>"; };
		C17820AE288AB08B00B4FDE5 /* 备忘录模式.swift */ = {isa = PBXFileReference; lastKnownFileType = sourcecode.swift; path = "备忘录模式.swift"; sourceTree = "<group>"; };
		C1DFD5962887A68F0053AFB7 /* DesignModeExc.app */ = {isa = PBXFileReference; explicitFileType = wrapper.application; includeInIndex = 0; path = DesignModeExc.app; sourceTree = BUILT_PRODUCTS_DIR; };
		C1DFD5992887A68F0053AFB7 /* AppDelegate.swift */ = {isa = PBXFileReference; lastKnownFileType = sourcecode.swift; path = AppDelegate.swift; sourceTree = "<group>"; };
		C1DFD59B2887A68F0053AFB7 /* SceneDelegate.swift */ = {isa = PBXFileReference; lastKnownFileType = sourcecode.swift; path = SceneDelegate.swift; sourceTree = "<group>"; };
		C1DFD59D2887A68F0053AFB7 /* ViewController.swift */ = {isa = PBXFileReference; lastKnownFileType = sourcecode.swift; path = ViewController.swift; sourceTree = "<group>"; };
		C1DFD5A02887A68F0053AFB7 /* Base */ = {isa = PBXFileReference; lastKnownFileType = file.storyboard; name = Base; path = Base.lproj/Main.storyboard; sourceTree = "<group>"; };
		C1DFD5A22887A6910053AFB7 /* Assets.xcassets */ = {isa = PBXFileReference; lastKnownFileType = folder.assetcatalog; path = Assets.xcassets; sourceTree = "<group>"; };
		C1DFD5A52887A6910053AFB7 /* Base */ = {isa = PBXFileReference; lastKnownFileType = file.storyboard; name = Base; path = Base.lproj/LaunchScreen.storyboard; sourceTree = "<group>"; };
		C1DFD5A72887A6910053AFB7 /* Info.plist */ = {isa = PBXFileReference; lastKnownFileType = text.plist.xml; path = Info.plist; sourceTree = "<group>"; };
		C1DFD5B12887A7320053AFB7 /* 模式描述.md */ = {isa = PBXFileReference; lastKnownFileType = net.daringfireball.markdown; path = "模式描述.md"; sourceTree = "<group>"; };
		C1DFD5B22887A8560053AFB7 /* 创建型模式描述.md */ = {isa = PBXFileReference; lastKnownFileType = net.daringfireball.markdown; path = "创建型模式描述.md"; sourceTree = "<group>"; };
		C1DFD5B32887A9650053AFB7 /* 简单工厂模式.swift */ = {isa = PBXFileReference; lastKnownFileType = sourcecode.swift; path = "简单工厂模式.swift"; sourceTree = "<group>"; };
		C1DFD5B52887AFAD0053AFB7 /* 工厂方法模式.swift */ = {isa = PBXFileReference; lastKnownFileType = sourcecode.swift; path = "工厂方法模式.swift"; sourceTree = "<group>"; };
		C1DFD5B72887B1CB0053AFB7 /* Cola.swift */ = {isa = PBXFileReference; lastKnownFileType = sourcecode.swift; path = Cola.swift; sourceTree = "<group>"; };
		C1DFD5B92887B2E10053AFB7 /* 抽象工厂模式.swift */ = {isa = PBXFileReference; lastKnownFileType = sourcecode.swift; path = "抽象工厂模式.swift"; sourceTree = "<group>"; };
		C1DFD5BB2887F0C90053AFB7 /* Brand.swift */ = {isa = PBXFileReference; lastKnownFileType = sourcecode.swift; path = Brand.swift; sourceTree = "<group>"; };
		C1DFD5BD2887F6E60053AFB7 /* 单例模式.swift */ = {isa = PBXFileReference; lastKnownFileType = sourcecode.swift; path = "单例模式.swift"; sourceTree = "<group>"; };
		C1DFD5BF2887F8650053AFB7 /* 生成器模式.swift */ = {isa = PBXFileReference; lastKnownFileType = sourcecode.swift; path = "生成器模式.swift"; sourceTree = "<group>"; };
		C1DFD5C12888093B0053AFB7 /* 原型模式.swift */ = {isa = PBXFileReference; lastKnownFileType = sourcecode.swift; path = "原型模式.swift"; sourceTree = "<group>"; };
		C1DFD5C328880E530053AFB7 /* 模式描述.md */ = {isa = PBXFileReference; lastKnownFileType = net.daringfireball.markdown; path = "模式描述.md"; sourceTree = "<group>"; };
		C1DFD5C4288816680053AFB7 /* 外观模式.swift */ = {isa = PBXFileReference; lastKnownFileType = sourcecode.swift; path = "外观模式.swift"; sourceTree = "<group>"; };
		C1DFD5C628884CDC0053AFB7 /* 适配器模式.swift */ = {isa = PBXFileReference; lastKnownFileType = sourcecode.swift; path = "适配器模式.swift"; sourceTree = "<group>"; };
		C1DFD5C828885C460053AFB7 /* 桥接模式.swift */ = {isa = PBXFileReference; lastKnownFileType = sourcecode.swift; path = "桥接模式.swift"; sourceTree = "<group>"; };
		C1DFD5CA2888E66E0053AFB7 /* 代理模式.swift */ = {isa = PBXFileReference; lastKnownFileType = sourcecode.swift; path = "代理模式.swift"; sourceTree = "<group>"; };
		C1DFD5CC2888F43D0053AFB7 /* 装饰者模式.swift */ = {isa = PBXFileReference; lastKnownFileType = sourcecode.swift; path = "装饰者模式.swift"; sourceTree = "<group>"; };
		C1DFD5CE2889572B0053AFB7 /* 享元模式.swift */ = {isa = PBXFileReference; lastKnownFileType = sourcecode.swift; path = "享元模式.swift"; sourceTree = "<group>"; };
		C1DFD5D028896E120053AFB7 /* 模板方法模式.swift */ = {isa = PBXFileReference; lastKnownFileType = sourcecode.swift; path = "模板方法模式.swift"; sourceTree = "<group>"; };
		C1DFD5D22889771F0053AFB7 /* 策略模式.swift */ = {isa = PBXFileReference; lastKnownFileType = sourcecode.swift; path = "策略模式.swift"; sourceTree = "<group>"; };
		C1DFD5D42889AD150053AFB7 /* 职责链模式.swift */ = {isa = PBXFileReference; lastKnownFileType = sourcecode.swift; path = "职责链模式.swift"; sourceTree = "<group>"; };
/* End PBXFileReference section */

/* Begin PBXFrameworksBuildPhase section */
		C1DFD5932887A68F0053AFB7 /* Frameworks */ = {
			isa = PBXFrameworksBuildPhase;
			buildActionMask = 2147483647;
			files = (
			);
			runOnlyForDeploymentPostprocessing = 0;
		};
/* End PBXFrameworksBuildPhase section */

/* Begin PBXGroup section */
		C1DFD58D2887A68F0053AFB7 = {
			isa = PBXGroup;
			children = (
				C1DFD5982887A68F0053AFB7 /* DesignModeExc */,
				C1DFD5972887A68F0053AFB7 /* Products */,
			);
			sourceTree = "<group>";
		};
		C1DFD5972887A68F0053AFB7 /* Products */ = {
			isa = PBXGroup;
			children = (
				C1DFD5962887A68F0053AFB7 /* DesignModeExc.app */,
			);
			name = Products;
			sourceTree = "<group>";
		};
		C1DFD5982887A68F0053AFB7 /* DesignModeExc */ = {
			isa = PBXGroup;
			children = (
				C1DFD5992887A68F0053AFB7 /* AppDelegate.swift */,
				C1DFD59B2887A68F0053AFB7 /* SceneDelegate.swift */,
				C1DFD59D2887A68F0053AFB7 /* ViewController.swift */,
				C1DFD5B02887A6D20053AFB7 /* 行为性模式 */,
				C1DFD5AF2887A6C60053AFB7 /* 结构性模式 */,
				C1DFD5AD2887A6A30053AFB7 /* 创建型模式 */,
				C1DFD59F2887A68F0053AFB7 /* Main.storyboard */,
				C1DFD5A22887A6910053AFB7 /* Assets.xcassets */,
				C1DFD5A42887A6910053AFB7 /* LaunchScreen.storyboard */,
				C1DFD5A72887A6910053AFB7 /* Info.plist */,
			);
			path = DesignModeExc;
			sourceTree = "<group>";
		};
		C1DFD5AD2887A6A30053AFB7 /* 创建型模式 */ = {
			isa = PBXGroup;
			children = (
				C1DFD5B22887A8560053AFB7 /* 创建型模式描述.md */,
				C1DFD5B72887B1CB0053AFB7 /* Cola.swift */,
				C1DFD5BB2887F0C90053AFB7 /* Brand.swift */,
				C1DFD5B32887A9650053AFB7 /* 简单工厂模式.swift */,
				C1DFD5B52887AFAD0053AFB7 /* 工厂方法模式.swift */,
				C1DFD5B92887B2E10053AFB7 /* 抽象工厂模式.swift */,
				C1DFD5BD2887F6E60053AFB7 /* 单例模式.swift */,
				C1DFD5BF2887F8650053AFB7 /* 生成器模式.swift */,
				C1DFD5C12888093B0053AFB7 /* 原型模式.swift */,
			);
			path = "创建型模式";
			sourceTree = "<group>";
		};
		C1DFD5AF2887A6C60053AFB7 /* 结构性模式 */ = {
			isa = PBXGroup;
			children = (
				C1DFD5C328880E530053AFB7 /* 模式描述.md */,
				C1DFD5C4288816680053AFB7 /* 外观模式.swift */,
				C1DFD5C628884CDC0053AFB7 /* 适配器模式.swift */,
				C1DFD5C828885C460053AFB7 /* 桥接模式.swift */,
				C1DFD5CA2888E66E0053AFB7 /* 代理模式.swift */,
				C1DFD5CC2888F43D0053AFB7 /* 装饰者模式.swift */,
				C1DFD5CE2889572B0053AFB7 /* 享元模式.swift */,
			);
			path = "结构性模式";
			sourceTree = "<group>";
		};
		C1DFD5B02887A6D20053AFB7 /* 行为性模式 */ = {
			isa = PBXGroup;
			children = (
				C1DFD5B12887A7320053AFB7 /* 模式描述.md */,
				C1DFD5D028896E120053AFB7 /* 模板方法模式.swift */,
				C1DFD5D22889771F0053AFB7 /* 策略模式.swift */,
				C1DFD5D42889AD150053AFB7 /* 职责链模式.swift */,
				C114ACF9288A36EF0077D692 /* 状态模式.swift */,
				C114ACFB288A54010077D692 /* 命令模式.swift */,
				C17820A8288A966C00B4FDE5 /* 观察者模式.swift */,
				C17820AA288AA8F800B4FDE5 /* 中介者模式.swift */,
				C17820AC288AB08000B4FDE5 /* 迭代器模式.swift */,
				C17820AE288AB08B00B4FDE5 /* 备忘录模式.swift */,
			);
			path = "行为性模式";
			sourceTree = "<group>";
		};
/* End PBXGroup section */

/* Begin PBXNativeTarget section */
		C1DFD5952887A68F0053AFB7 /* DesignModeExc */ = {
			isa = PBXNativeTarget;
			buildConfigurationList = C1DFD5AA2887A6910053AFB7 /* Build configuration list for PBXNativeTarget "DesignModeExc" */;
			buildPhases = (
				C1DFD5922887A68F0053AFB7 /* Sources */,
				C1DFD5932887A68F0053AFB7 /* Frameworks */,
				C1DFD5942887A68F0053AFB7 /* Resources */,
			);
			buildRules = (
			);
			dependencies = (
			);
			name = DesignModeExc;
			productName = DesignModeExc;
			productReference = C1DFD5962887A68F0053AFB7 /* DesignModeExc.app */;
			productType = "com.apple.product-type.application";
		};
/* End PBXNativeTarget section */

/* Begin PBXProject section */
		C1DFD58E2887A68F0053AFB7 /* Project object */ = {
			isa = PBXProject;
			attributes = {
				BuildIndependentTargetsInParallel = 1;
				LastSwiftUpdateCheck = 1320;
				LastUpgradeCheck = 1320;
				TargetAttributes = {
					C1DFD5952887A68F0053AFB7 = {
						CreatedOnToolsVersion = 13.2.1;
					};
				};
			};
			buildConfigurationList = C1DFD5912887A68F0053AFB7 /* Build configuration list for PBXProject "DesignModeExc" */;
			compatibilityVersion = "Xcode 13.0";
			developmentRegion = en;
			hasScannedForEncodings = 0;
			knownRegions = (
				en,
				Base,
			);
			mainGroup = C1DFD58D2887A68F0053AFB7;
			productRefGroup = C1DFD5972887A68F0053AFB7 /* Products */;
			projectDirPath = "";
			projectRoot = "";
			targets = (
				C1DFD5952887A68F0053AFB7 /* DesignModeExc */,
			);
		};
/* End PBXProject section */

/* Begin PBXResourcesBuildPhase section */
		C1DFD5942887A68F0053AFB7 /* Resources */ = {
			isa = PBXResourcesBuildPhase;
			buildActionMask = 2147483647;
			files = (
				C1DFD5A62887A6910053AFB7 /* LaunchScreen.storyboard in Resources */,
				C1DFD5A32887A6910053AFB7 /* Assets.xcassets in Resources */,
				C1DFD5A12887A68F0053AFB7 /* Main.storyboard in Resources */,
			);
			runOnlyForDeploymentPostprocessing = 0;
		};
/* End PBXResourcesBuildPhase section */

/* Begin PBXSourcesBuildPhase section */
		C1DFD5922887A68F0053AFB7 /* Sources */ = {
			isa = PBXSourcesBuildPhase;
			buildActionMask = 2147483647;
			files = (
				C114ACFA288A36EF0077D692 /* 状态模式.swift in Sources */,
				C1DFD5CD2888F43D0053AFB7 /* 装饰者模式.swift in Sources */,
				C17820AF288AB08B00B4FDE5 /* 备忘录模式.swift in Sources */,
				C1DFD5B82887B1CB0053AFB7 /* Cola.swift in Sources */,
				C17820AD288AB08000B4FDE5 /* 迭代器模式.swift in Sources */,
				C1DFD5BA2887B2E10053AFB7 /* 抽象工厂模式.swift in Sources */,
				C1DFD5CF2889572B0053AFB7 /* 享元模式.swift in Sources */,
				C1DFD5C22888093B0053AFB7 /* 原型模式.swift in Sources */,
				C17820A9288A966C00B4FDE5 /* 观察者模式.swift in Sources */,
				C1DFD5D128896E120053AFB7 /* 模板方法模式.swift in Sources */,
				C1DFD5D32889771F0053AFB7 /* 策略模式.swift in Sources */,
				C1DFD5D52889AD150053AFB7 /* 职责链模式.swift in Sources */,
				C1DFD59E2887A68F0053AFB7 /* ViewController.swift in Sources */,
				C17820AB288AA8F800B4FDE5 /* 中介者模式.swift in Sources */,
				C1DFD5C728884CDC0053AFB7 /* 适配器模式.swift in Sources */,
				C1DFD5C02887F8650053AFB7 /* 生成器模式.swift in Sources */,
				C1DFD59A2887A68F0053AFB7 /* AppDelegate.swift in Sources */,
				C1DFD59C2887A68F0053AFB7 /* SceneDelegate.swift in Sources */,
				C1DFD5BC2887F0C90053AFB7 /* Brand.swift in Sources */,
				C1DFD5BE2887F6E60053AFB7 /* 单例模式.swift in Sources */,
				C1DFD5C5288816680053AFB7 /* 外观模式.swift in Sources */,
				C1DFD5C928885C460053AFB7 /* 桥接模式.swift in Sources */,
				C114ACFC288A54010077D692 /* 命令模式.swift in Sources */,
				C1DFD5B62887AFAD0053AFB7 /* 工厂方法模式.swift in Sources */,
				C1DFD5CB2888E66E0053AFB7 /* 代理模式.swift in Sources */,
				C1DFD5B42887A9650053AFB7 /* 简单工厂模式.swift in Sources */,
			);
			runOnlyForDeploymentPostprocessing = 0;
		};
/* End PBXSourcesBuildPhase section */

/* Begin PBXVariantGroup section */
		C1DFD59F2887A68F0053AFB7 /* Main.storyboard */ = {
			isa = PBXVariantGroup;
			children = (
				C1DFD5A02887A68F0053AFB7 /* Base */,
			);
			name = Main.storyboard;
			sourceTree = "<group>";
		};
		C1DFD5A42887A6910053AFB7 /* LaunchScreen.storyboard */ = {
			isa = PBXVariantGroup;
			children = (
				C1DFD5A52887A6910053AFB7 /* Base */,
			);
			name = LaunchScreen.storyboard;
			sourceTree = "<group>";
		};
/* End PBXVariantGroup section */

/* Begin XCBuildConfiguration section */
		C1DFD5A82887A6910053AFB7 /* Debug */ = {
			isa = XCBuildConfiguration;
			buildSettings = {
				ALWAYS_SEARCH_USER_PATHS = NO;
				CLANG_ANALYZER_NONNULL = YES;
				CLANG_ANALYZER_NUMBER_OBJECT_CONVERSION = YES_AGGRESSIVE;
				CLANG_CXX_LANGUAGE_STANDARD = "gnu++17";
				CLANG_CXX_LIBRARY = "libc++";
				CLANG_ENABLE_MODULES = YES;
				CLANG_ENABLE_OBJC_ARC = YES;
				CLANG_ENABLE_OBJC_WEAK = YES;
				CLANG_WARN_BLOCK_CAPTURE_AUTORELEASING = YES;
				CLANG_WARN_BOOL_CONVERSION = YES;
				CLANG_WARN_COMMA = YES;
				CLANG_WARN_CONSTANT_CONVERSION = YES;
				CLANG_WARN_DEPRECATED_OBJC_IMPLEMENTATIONS = YES;
				CLANG_WARN_DIRECT_OBJC_ISA_USAGE = YES_ERROR;
				CLANG_WARN_DOCUMENTATION_COMMENTS = YES;
				CLANG_WARN_EMPTY_BODY = YES;
				CLANG_WARN_ENUM_CONVERSION = YES;
				CLANG_WARN_INFINITE_RECURSION = YES;
				CLANG_WARN_INT_CONVERSION = YES;
				CLANG_WARN_NON_LITERAL_NULL_CONVERSION = YES;
				CLANG_WARN_OBJC_IMPLICIT_RETAIN_SELF = YES;
				CLANG_WARN_OBJC_LITERAL_CONVERSION = YES;
				CLANG_WARN_OBJC_ROOT_CLASS = YES_ERROR;
				CLANG_WARN_QUOTED_INCLUDE_IN_FRAMEWORK_HEADER = YES;
				CLANG_WARN_RANGE_LOOP_ANALYSIS = YES;
				CLANG_WARN_STRICT_PROTOTYPES = YES;
				CLANG_WARN_SUSPICIOUS_MOVE = YES;
				CLANG_WARN_UNGUARDED_AVAILABILITY = YES_AGGRESSIVE;
				CLANG_WARN_UNREACHABLE_CODE = YES;
				CLANG_WARN__DUPLICATE_METHOD_MATCH = YES;
				COPY_PHASE_STRIP = NO;
				DEBUG_INFORMATION_FORMAT = dwarf;
				ENABLE_STRICT_OBJC_MSGSEND = YES;
				ENABLE_TESTABILITY = YES;
				GCC_C_LANGUAGE_STANDARD = gnu11;
				GCC_DYNAMIC_NO_PIC = NO;
				GCC_NO_COMMON_BLOCKS = YES;
				GCC_OPTIMIZATION_LEVEL = 0;
				GCC_PREPROCESSOR_DEFINITIONS = (
					"DEBUG=1",
					"$(inherited)",
				);
				GCC_WARN_64_TO_32_BIT_CONVERSION = YES;
				GCC_WARN_ABOUT_RETURN_TYPE = YES_ERROR;
				GCC_WARN_UNDECLARED_SELECTOR = YES;
				GCC_WARN_UNINITIALIZED_AUTOS = YES_AGGRESSIVE;
				GCC_WARN_UNUSED_FUNCTION = YES;
				GCC_WARN_UNUSED_VARIABLE = YES;
				IPHONEOS_DEPLOYMENT_TARGET = 15.2;
				MTL_ENABLE_DEBUG_INFO = INCLUDE_SOURCE;
				MTL_FAST_MATH = YES;
				ONLY_ACTIVE_ARCH = YES;
				SDKROOT = iphoneos;
				SWIFT_ACTIVE_COMPILATION_CONDITIONS = DEBUG;
				SWIFT_OPTIMIZATION_LEVEL = "-Onone";
			};
			name = Debug;
		};
		C1DFD5A92887A6910053AFB7 /* Release */ = {
			isa = XCBuildConfiguration;
			buildSettings = {
				ALWAYS_SEARCH_USER_PATHS = NO;
				CLANG_ANALYZER_NONNULL = YES;
				CLANG_ANALYZER_NUMBER_OBJECT_CONVERSION = YES_AGGRESSIVE;
				CLANG_CXX_LANGUAGE_STANDARD = "gnu++17";
				CLANG_CXX_LIBRARY = "libc++";
				CLANG_ENABLE_MODULES = YES;
				CLANG_ENABLE_OBJC_ARC = YES;
				CLANG_ENABLE_OBJC_WEAK = YES;
				CLANG_WARN_BLOCK_CAPTURE_AUTORELEASING = YES;
				CLANG_WARN_BOOL_CONVERSION = YES;
				CLANG_WARN_COMMA = YES;
				CLANG_WARN_CONSTANT_CONVERSION = YES;
				CLANG_WARN_DEPRECATED_OBJC_IMPLEMENTATIONS = YES;
				CLANG_WARN_DIRECT_OBJC_ISA_USAGE = YES_ERROR;
				CLANG_WARN_DOCUMENTATION_COMMENTS = YES;
				CLANG_WARN_EMPTY_BODY = YES;
				CLANG_WARN_ENUM_CONVERSION = YES;
				CLANG_WARN_INFINITE_RECURSION = YES;
				CLANG_WARN_INT_CONVERSION = YES;
				CLANG_WARN_NON_LITERAL_NULL_CONVERSION = YES;
				CLANG_WARN_OBJC_IMPLICIT_RETAIN_SELF = YES;
				CLANG_WARN_OBJC_LITERAL_CONVERSION = YES;
				CLANG_WARN_OBJC_ROOT_CLASS = YES_ERROR;
				CLANG_WARN_QUOTED_INCLUDE_IN_FRAMEWORK_HEADER = YES;
				CLANG_WARN_RANGE_LOOP_ANALYSIS = YES;
				CLANG_WARN_STRICT_PROTOTYPES = YES;
				CLANG_WARN_SUSPICIOUS_MOVE = YES;
				CLANG_WARN_UNGUARDED_AVAILABILITY = YES_AGGRESSIVE;
				CLANG_WARN_UNREACHABLE_CODE = YES;
				CLANG_WARN__DUPLICATE_METHOD_MATCH = YES;
				COPY_PHASE_STRIP = NO;
				DEBUG_INFORMATION_FORMAT = "dwarf-with-dsym";
				ENABLE_NS_ASSERTIONS = NO;
				ENABLE_STRICT_OBJC_MSGSEND = YES;
				GCC_C_LANGUAGE_STANDARD = gnu11;
				GCC_NO_COMMON_BLOCKS = YES;
				GCC_WARN_64_TO_32_BIT_CONVERSION = YES;
				GCC_WARN_ABOUT_RETURN_TYPE = YES_ERROR;
				GCC_WARN_UNDECLARED_SELECTOR = YES;
				GCC_WARN_UNINITIALIZED_AUTOS = YES_AGGRESSIVE;
				GCC_WARN_UNUSED_FUNCTION = YES;
				GCC_WARN_UNUSED_VARIABLE = YES;
				IPHONEOS_DEPLOYMENT_TARGET = 15.2;
				MTL_ENABLE_DEBUG_INFO = NO;
				MTL_FAST_MATH = YES;
				SDKROOT = iphoneos;
				SWIFT_COMPILATION_MODE = wholemodule;
				SWIFT_OPTIMIZATION_LEVEL = "-O";
				VALIDATE_PRODUCT = YES;
			};
			name = Release;
		};
		C1DFD5AB2887A6910053AFB7 /* Debug */ = {
			isa = XCBuildConfiguration;
			buildSettings = {
				ASSETCATALOG_COMPILER_APPICON_NAME = AppIcon;
				ASSETCATALOG_COMPILER_GLOBAL_ACCENT_COLOR_NAME = AccentColor;
				CODE_SIGN_STYLE = Automatic;
				CURRENT_PROJECT_VERSION = 1;
				DEVELOPMENT_TEAM = 2XGDMR97KA;
				GENERATE_INFOPLIST_FILE = YES;
				INFOPLIST_FILE = DesignModeExc/Info.plist;
				INFOPLIST_KEY_UIApplicationSupportsIndirectInputEvents = YES;
				INFOPLIST_KEY_UILaunchStoryboardName = LaunchScreen;
				INFOPLIST_KEY_UIMainStoryboardFile = Main;
				INFOPLIST_KEY_UISupportedInterfaceOrientations_iPad = "UIInterfaceOrientationPortrait UIInterfaceOrientationPortraitUpsideDown UIInterfaceOrientationLandscapeLeft UIInterfaceOrientationLandscapeRight";
				INFOPLIST_KEY_UISupportedInterfaceOrientations_iPhone = "UIInterfaceOrientationPortrait UIInterfaceOrientationLandscapeLeft UIInterfaceOrientationLandscapeRight";
				LD_RUNPATH_SEARCH_PATHS = (
					"$(inherited)",
					"@executable_path/Frameworks",
				);
				MARKETING_VERSION = 1.0;
				PRODUCT_BUNDLE_IDENTIFIER = way.god.DesignModeExc;
				PRODUCT_NAME = "$(TARGET_NAME)";
				SWIFT_EMIT_LOC_STRINGS = YES;
				SWIFT_VERSION = 5.0;
				TARGETED_DEVICE_FAMILY = "1,2";
			};
			name = Debug;
		};
		C1DFD5AC2887A6910053AFB7 /* Release */ = {
			isa = XCBuildConfiguration;
			buildSettings = {
				ASSETCATALOG_COMPILER_APPICON_NAME = AppIcon;
				ASSETCATALOG_COMPILER_GLOBAL_ACCENT_COLOR_NAME = AccentColor;
				CODE_SIGN_STYLE = Automatic;
				CURRENT_PROJECT_VERSION = 1;
				DEVELOPMENT_TEAM = 2XGDMR97KA;
				GENERATE_INFOPLIST_FILE = YES;
				INFOPLIST_FILE = DesignModeExc/Info.plist;
				INFOPLIST_KEY_UIApplicationSupportsIndirectInputEvents = YES;
				INFOPLIST_KEY_UILaunchStoryboardName = LaunchScreen;
				INFOPLIST_KEY_UIMainStoryboardFile = Main;
				INFOPLIST_KEY_UISupportedInterfaceOrientations_iPad = "UIInterfaceOrientationPortrait UIInterfaceOrientationPortraitUpsideDown UIInterfaceOrientationLandscapeLeft UIInterfaceOrientationLandscapeRight";
				INFOPLIST_KEY_UISupportedInterfaceOrientations_iPhone = "UIInterfaceOrientationPortrait UIInterfaceOrientationLandscapeLeft UIInterfaceOrientationLandscapeRight";
				LD_RUNPATH_SEARCH_PATHS = (
					"$(inherited)",
					"@executable_path/Frameworks",
				);
				MARKETING_VERSION = 1.0;
				PRODUCT_BUNDLE_IDENTIFIER = way.god.DesignModeExc;
				PRODUCT_NAME = "$(TARGET_NAME)";
				SWIFT_EMIT_LOC_STRINGS = YES;
				SWIFT_VERSION = 5.0;
				TARGETED_DEVICE_FAMILY = "1,2";
			};
			name = Release;
		};
/* End XCBuildConfiguration section */

/* Begin XCConfigurationList section */
		C1DFD5912887A68F0053AFB7 /* Build configuration list for PBXProject "DesignModeExc" */ = {
			isa = XCConfigurationList;
			buildConfigurations = (
				C1DFD5A82887A6910053AFB7 /* Debug */,
				C1DFD5A92887A6910053AFB7 /* Release */,
			);
			defaultConfigurationIsVisible = 0;
			defaultConfigurationName = Release;
		};
		C1DFD5AA2887A6910053AFB7 /* Build configuration list for PBXNativeTarget "DesignModeExc" */ = {
			isa = XCConfigurationList;
			buildConfigurations = (
				C1DFD5AB2887A6910053AFB7 /* Debug */,
				C1DFD5AC2887A6910053AFB7 /* Release */,
			);
			defaultConfigurationIsVisible = 0;
			defaultConfigurationName = Release;
		};
/* End XCConfigurationList section */
	};
	rootObject = C1DFD58E2887A68F0053AFB7 /* Project object */;
}
